
Microsoft Visual Studio Solution File, Format Version 12.00
# Visual Studio 15
VisualStudioVersion = 15.0.27004.2009
MinimumVisualStudioVersion = 10.0.40219.1
Project("{FAE04EC0-301F-11D3-BF4B-00C04F79EFBC}") = "ConsoleInOut", "ConsoleInOut.csproj", "{EE4B1D8F-EB84-4DAC-B091-37B383CEC318}"
EndProject
Project("{FAE04EC0-301F-11D3-BF4B-00C04F79EFBC}") = "ConsoleInOutTests", "..\ConsoleInOutTests\ConsoleInOutTests.csproj", "{3A870AB2-219D-4AC3-8DFD-7D6E436F126B}"
EndProject
Global
	GlobalSection(SolutionConfigurationPlatforms) = preSolution
		Debug|Any CPU = Debug|Any CPU
		Release|Any CPU = Release|Any CPU
	EndGlobalSection
	GlobalSection(ProjectConfigurationPlatforms) = postSolution
		{EE4B1D8F-EB84-4DAC-B091-37B383CEC318}.Debug|Any CPU.ActiveCfg = Debug|Any CPU
		{EE4B1D8F-EB84-4DAC-B091-37B383CEC318}.Debug|Any CPU.Build.0 = Debug|Any CPU
		{EE4B1D8F-EB84-4DAC-B091-37B383CEC318}.Release|Any CPU.ActiveCfg = Release|Any CPU
		{EE4B1D8F-EB84-4DAC-B091-37B383CEC318}.Release|Any CPU.Build.0 = Release|Any CPU
		{3A870AB2-219D-4AC3-8DFD-7D6E436F126B}.Debug|Any CPU.ActiveCfg = Debug|Any CPU
		{3A870AB2-219D-4AC3-8DFD-7D6E436F126B}.Debug|Any CPU.Build.0 = Debug|Any CPU
		{3A870AB2-219D-4AC3-8DFD-7D6E436F126B}.Release|Any CPU.ActiveCfg = Release|Any CPU
		{3A870AB2-219D-4AC3-8DFD-7D6E436F126B}.Release|Any CPU.Build.0 = Release|Any CPU
	EndGlobalSection
	GlobalSection(SolutionProperties) = preSolution
		HideSolutionNode = FALSE
	EndGlobalSection
	GlobalSection(ExtensibilityGlobals) = postSolution
		SolutionGuid = {746A0E38-431B-4EF9-82E9-DA70EC16E0AE}
	EndGlobalSection
EndGlobal
